
Microsoft Visual Studio Solution File, Format Version 12.00
# Visual Studio Version 17
VisualStudioVersion = 17.6.33829.357
MinimumVisualStudioVersion = 10.0.40219.1
Project("{FAE04EC0-301F-11D3-BF4B-00C04F79EFBC}") = "Hamburgueria", "Hamburgueria\Hamburgueria.csproj", "{03423C5B-6BB0-43E0-B601-E2783B611CD4}"
EndProject
Global
	GlobalSection(SolutionConfigurationPlatforms) = preSolution
		Debug|Any CPU = Debug|Any CPU
		Release|Any CPU = Release|Any CPU
	EndGlobalSection
	GlobalSection(ProjectConfigurationPlatforms) = postSolution
		{03423C5B-6BB0-43E0-B601-E2783B611CD4}.Debug|Any CPU.ActiveCfg = Debug|Any CPU
		{03423C5B-6BB0-43E0-B601-E2783B611CD4}.Debug|Any CPU.Build.0 = Debug|Any CPU
		{03423C5B-6BB0-43E0-B601-E2783B611CD4}.Release|Any CPU.ActiveCfg = Release|Any CPU
		{03423C5B-6BB0-43E0-B601-E2783B611CD4}.Release|Any CPU.Build.0 = Release|Any CPU
	EndGlobalSection
	GlobalSection(SolutionProperties) = preSolution
		HideSolutionNode = FALSE
	EndGlobalSection
	GlobalSection(ExtensibilityGlobals) = postSolution
		SolutionGuid = {B261ACE1-634C-4AA0-8B81-D81E735EF111}
	EndGlobalSection
EndGlobal
